// !$*UTF8*$!
{
	archiveVersion = 1;
	classes = {
	};
	objectVersion = 48;
	objects = {

/* Begin PBXBuildFile section */
		6A6F05111FCC552700C68DEF /* test_controller.m in Sources */ = {isa = PBXBuildFile; fileRef = 6A6F05101FCC552600C68DEF /* test_controller.m */; };
		6AB42D051FC2F46900DA63F3 /* db_table.cpp in Sources */ = {isa = PBXBuildFile; fileRef = 6AB42D041FC2F46900DA63F3 /* db_table.cpp */; };
/* End PBXBuildFile section */

/* Begin PBXCopyFilesBuildPhase section */
		6AB42CFF1FC2F46900DA63F3 /* CopyFiles */ = {
			isa = PBXCopyFilesBuildPhase;
			buildActionMask = 2147483647;
			dstPath = /usr/share/man/man1/;
			dstSubfolderSpec = 0;
			files = (
			);
			runOnlyForDeploymentPostprocessing = 1;
		};
/* End PBXCopyFilesBuildPhase section */

/* Begin PBXFileReference section */
		6A6F05031FCC2A5F00C68DEF /* tableexception.hpp */ = {isa = PBXFileReference; lastKnownFileType = sourcecode.cpp.h; path = tableexception.hpp; sourceTree = "<group>"; };
		6A6F05081FCC540C00C68DEF /* proba.xctest */ = {isa = PBXFileReference; explicitFileType = wrapper.cfbundle; includeInIndex = 0; path = proba.xctest; sourceTree = BUILT_PRODUCTS_DIR; };
		6A6F05101FCC552600C68DEF /* test_controller.m */ = {isa = PBXFileReference; lastKnownFileType = sourcecode.c.objc; path = test_controller.m; sourceTree = "<group>"; };
		6A6F05121FCC69FA00C68DEF /* test.hpp */ = {isa = PBXFileReference; lastKnownFileType = sourcecode.cpp.h; path = test.hpp; sourceTree = "<group>"; };
		6AB42D011FC2F46900DA63F3 /* DB_TABLE */ = {isa = PBXFileReference; explicitFileType = "compiled.mach-o.executable"; includeInIndex = 0; path = DB_TABLE; sourceTree = BUILT_PRODUCTS_DIR; };
		6AB42D041FC2F46900DA63F3 /* db_table.cpp */ = {isa = PBXFileReference; lastKnownFileType = sourcecode.cpp.cpp; path = db_table.cpp; sourceTree = "<group>"; };
		6AB42D0B1FC2F48C00DA63F3 /* db_table.hpp */ = {isa = PBXFileReference; lastKnownFileType = sourcecode.cpp.h; path = db_table.hpp; sourceTree = "<group>"; };
/* End PBXFileReference section */

/* Begin PBXFrameworksBuildPhase section */
		6A6F05051FCC540C00C68DEF /* Frameworks */ = {
			isa = PBXFrameworksBuildPhase;
			buildActionMask = 2147483647;
			files = (
			);
			runOnlyForDeploymentPostprocessing = 0;
		};
		6AB42CFE1FC2F46900DA63F3 /* Frameworks */ = {
			isa = PBXFrameworksBuildPhase;
			buildActionMask = 2147483647;
			files = (
			);
			runOnlyForDeploymentPostprocessing = 0;
		};
/* End PBXFrameworksBuildPhase section */

/* Begin PBXGroup section */
		6AB42CF81FC2F46900DA63F3 = {
			isa = PBXGroup;
			children = (
				6A6F05101FCC552600C68DEF /* test_controller.m */,
				6AB42D031FC2F46900DA63F3 /* DB_TABLE */,
				6AB42D021FC2F46900DA63F3 /* Products */,
			);
			sourceTree = "<group>";
		};
		6AB42D021FC2F46900DA63F3 /* Products */ = {
			isa = PBXGroup;
			children = (
				6AB42D011FC2F46900DA63F3 /* DB_TABLE */,
				6A6F05081FCC540C00C68DEF /* proba.xctest */,
			);
			name = Products;
			sourceTree = "<group>";
		};
		6AB42D031FC2F46900DA63F3 /* DB_TABLE */ = {
			isa = PBXGroup;
			children = (
				6AB42D041FC2F46900DA63F3 /* db_table.cpp */,
				6AB42D0B1FC2F48C00DA63F3 /* db_table.hpp */,
				6A6F05031FCC2A5F00C68DEF /* tableexception.hpp */,
				6A6F05121FCC69FA00C68DEF /* test.hpp */,
			);
			path = DB_TABLE;
			sourceTree = "<group>";
		};
/* End PBXGroup section */

/* Begin PBXNativeTarget section */
		6A6F05071FCC540C00C68DEF /* proba */ = {
			isa = PBXNativeTarget;
			buildConfigurationList = 6A6F050D1FCC540C00C68DEF /* Build configuration list for PBXNativeTarget "proba" */;
			buildPhases = (
				6A6F05041FCC540C00C68DEF /* Sources */,
				6A6F05051FCC540C00C68DEF /* Frameworks */,
				6A6F05061FCC540C00C68DEF /* Resources */,
			);
			buildRules = (
			);
			dependencies = (
			);
			name = proba;
			productName = proba;
			productReference = 6A6F05081FCC540C00C68DEF /* proba.xctest */;
			productType = "com.apple.product-type.bundle.unit-test";
		};
		6AB42D001FC2F46900DA63F3 /* DB_TABLE */ = {
			isa = PBXNativeTarget;
			buildConfigurationList = 6AB42D081FC2F46900DA63F3 /* Build configuration list for PBXNativeTarget "DB_TABLE" */;
			buildPhases = (
				6AB42CFD1FC2F46900DA63F3 /* Sources */,
				6AB42CFE1FC2F46900DA63F3 /* Frameworks */,
				6AB42CFF1FC2F46900DA63F3 /* CopyFiles */,
			);
			buildRules = (
			);
			dependencies = (
			);
			name = DB_TABLE;
			productName = DB_TABLE;
			productReference = 6AB42D011FC2F46900DA63F3 /* DB_TABLE */;
			productType = "com.apple.product-type.tool";
		};
/* End PBXNativeTarget section */

/* Begin PBXProject section */
		6AB42CF91FC2F46900DA63F3 /* Project object */ = {
			isa = PBXProject;
			attributes = {
				LastUpgradeCheck = 0910;
				ORGANIZATIONNAME = "Galambos Mihály";
				TargetAttributes = {
					6A6F05071FCC540C00C68DEF = {
						CreatedOnToolsVersion = 9.1;
						ProvisioningStyle = Automatic;
					};
					6AB42D001FC2F46900DA63F3 = {
						CreatedOnToolsVersion = 9.1;
						ProvisioningStyle = Automatic;
					};
				};
			};
			buildConfigurationList = 6AB42CFC1FC2F46900DA63F3 /* Build configuration list for PBXProject "DB_TABLE" */;
			compatibilityVersion = "Xcode 8.0";
			developmentRegion = en;
			hasScannedForEncodings = 0;
			knownRegions = (
				en,
			);
			mainGroup = 6AB42CF81FC2F46900DA63F3;
			productRefGroup = 6AB42D021FC2F46900DA63F3 /* Products */;
			projectDirPath = "";
			projectRoot = "";
			targets = (
				6AB42D001FC2F46900DA63F3 /* DB_TABLE */,
				6A6F05071FCC540C00C68DEF /* proba */,
			);
		};
/* End PBXProject section */

/* Begin PBXResourcesBuildPhase section */
		6A6F05061FCC540C00C68DEF /* Resources */ = {
			isa = PBXResourcesBuildPhase;
			buildActionMask = 2147483647;
			files = (
			);
			runOnlyForDeploymentPostprocessing = 0;
		};
/* End PBXResourcesBuildPhase section */

/* Begin PBXSourcesBuildPhase section */
		6A6F05041FCC540C00C68DEF /* Sources */ = {
			isa = PBXSourcesBuildPhase;
			buildActionMask = 2147483647;
			files = (
				6A6F05111FCC552700C68DEF /* test_controller.m in Sources */,
			);
			runOnlyForDeploymentPostprocessing = 0;
		};
		6AB42CFD1FC2F46900DA63F3 /* Sources */ = {
			isa = PBXSourcesBuildPhase;
			buildActionMask = 2147483647;
			files = (
				6AB42D051FC2F46900DA63F3 /* db_table.cpp in Sources */,
			);
			runOnlyForDeploymentPostprocessing = 0;
		};
/* End PBXSourcesBuildPhase section */

/* Begin XCBuildConfiguration section */
		6A6F050E1FCC540C00C68DEF /* Debug */ = {
			isa = XCBuildConfiguration;
			buildSettings = {
				CODE_SIGN_STYLE = Automatic;
				COMBINE_HIDPI_IMAGES = YES;
				INFOPLIST_FILE = proba/Info.plist;
				LD_RUNPATH_SEARCH_PATHS = "$(inherited) @executable_path/../Frameworks @loader_path/../Frameworks";
				PRODUCT_BUNDLE_IDENTIFIER = GM.proba;
				PRODUCT_NAME = "$(TARGET_NAME)";
			};
			name = Debug;
		};
		6A6F050F1FCC540C00C68DEF /* Release */ = {
			isa = XCBuildConfiguration;
			buildSettings = {
				CODE_SIGN_STYLE = Automatic;
				COMBINE_HIDPI_IMAGES = YES;
				INFOPLIST_FILE = proba/Info.plist;
				LD_RUNPATH_SEARCH_PATHS = "$(inherited) @executable_path/../Frameworks @loader_path/../Frameworks";
				PRODUCT_BUNDLE_IDENTIFIER = GM.proba;
				PRODUCT_NAME = "$(TARGET_NAME)";
			};
			name = Release;
		};
		6AB42D061FC2F46900DA63F3 /* Debug */ = {
			isa = XCBuildConfiguration;
			buildSettings = {
				ALWAYS_SEARCH_USER_PATHS = NO;
				CLANG_ANALYZER_NONNULL = YES;
				CLANG_ANALYZER_NUMBER_OBJECT_CONVERSION = YES_AGGRESSIVE;
				CLANG_CXX_LANGUAGE_STANDARD = "gnu++14";
				CLANG_CXX_LIBRARY = "libc++";
				CLANG_ENABLE_MODULES = YES;
				CLANG_ENABLE_OBJC_ARC = YES;
				CLANG_WARN_BLOCK_CAPTURE_AUTORELEASING = YES;
				CLANG_WARN_BOOL_CONVERSION = YES;
				CLANG_WARN_COMMA = YES;
				CLANG_WARN_CONSTANT_CONVERSION = YES;
				CLANG_WARN_DIRECT_OBJC_ISA_USAGE = YES_ERROR;
				CLANG_WARN_DOCUMENTATION_COMMENTS = YES;
				CLANG_WARN_EMPTY_BODY = YES;
				CLANG_WARN_ENUM_CONVERSION = YES;
				CLANG_WARN_INFINITE_RECURSION = YES;
				CLANG_WARN_INT_CONVERSION = YES;
				CLANG_WARN_NON_LITERAL_NULL_CONVERSION = YES;
				CLANG_WARN_OBJC_LITERAL_CONVERSION = YES;
				CLANG_WARN_OBJC_ROOT_CLASS = YES_ERROR;
				CLANG_WARN_RANGE_LOOP_ANALYSIS = YES;
				CLANG_WARN_STRICT_PROTOTYPES = YES;
				CLANG_WARN_SUSPICIOUS_MOVE = YES;
				CLANG_WARN_UNGUARDED_AVAILABILITY = YES_AGGRESSIVE;
				CLANG_WARN_UNREACHABLE_CODE = YES;
				CLANG_WARN__DUPLICATE_METHOD_MATCH = YES;
				CODE_SIGN_IDENTITY = "-";
				COPY_PHASE_STRIP = NO;
				DEBUG_INFORMATION_FORMAT = dwarf;
				ENABLE_STRICT_OBJC_MSGSEND = YES;
				ENABLE_TESTABILITY = YES;
				GCC_C_LANGUAGE_STANDARD = gnu11;
				GCC_DYNAMIC_NO_PIC = NO;
				GCC_NO_COMMON_BLOCKS = YES;
				GCC_OPTIMIZATION_LEVEL = 0;
				GCC_PREPROCESSOR_DEFINITIONS = (
					"DEBUG=1",
					"$(inherited)",
				);
				GCC_WARN_64_TO_32_BIT_CONVERSION = YES;
				GCC_WARN_ABOUT_RETURN_TYPE = YES_ERROR;
				GCC_WARN_UNDECLARED_SELECTOR = YES;
				GCC_WARN_UNINITIALIZED_AUTOS = YES_AGGRESSIVE;
				GCC_WARN_UNUSED_FUNCTION = YES;
				GCC_WARN_UNUSED_VARIABLE = YES;
				MACOSX_DEPLOYMENT_TARGET = 10.13;
				MTL_ENABLE_DEBUG_INFO = YES;
				ONLY_ACTIVE_ARCH = YES;
				SDKROOT = macosx;
			};
			name = Debug;
		};
		6AB42D071FC2F46900DA63F3 /* Release */ = {
			isa = XCBuildConfiguration;
			buildSettings = {
				ALWAYS_SEARCH_USER_PATHS = NO;
				CLANG_ANALYZER_NONNULL = YES;
				CLANG_ANALYZER_NUMBER_OBJECT_CONVERSION = YES_AGGRESSIVE;
				CLANG_CXX_LANGUAGE_STANDARD = "gnu++14";
				CLANG_CXX_LIBRARY = "libc++";
				CLANG_ENABLE_MODULES = YES;
				CLANG_ENABLE_OBJC_ARC = YES;
				CLANG_WARN_BLOCK_CAPTURE_AUTORELEASING = YES;
				CLANG_WARN_BOOL_CONVERSION = YES;
				CLANG_WARN_COMMA = YES;
				CLANG_WARN_CONSTANT_CONVERSION = YES;
				CLANG_WARN_DIRECT_OBJC_ISA_USAGE = YES_ERROR;
				CLANG_WARN_DOCUMENTATION_COMMENTS = YES;
				CLANG_WARN_EMPTY_BODY = YES;
				CLANG_WARN_ENUM_CONVERSION = YES;
				CLANG_WARN_INFINITE_RECURSION = YES;
				CLANG_WARN_INT_CONVERSION = YES;
				CLANG_WARN_NON_LITERAL_NULL_CONVERSION = YES;
				CLANG_WARN_OBJC_LITERAL_CONVERSION = YES;
				CLANG_WARN_OBJC_ROOT_CLASS = YES_ERROR;
				CLANG_WARN_RANGE_LOOP_ANALYSIS = YES;
				CLANG_WARN_STRICT_PROTOTYPES = YES;
				CLANG_WARN_SUSPICIOUS_MOVE = YES;
				CLANG_WARN_UNGUARDED_AVAILABILITY = YES_AGGRESSIVE;
				CLANG_WARN_UNREACHABLE_CODE = YES;
				CLANG_WARN__DUPLICATE_METHOD_MATCH = YES;
				CODE_SIGN_IDENTITY = "-";
				COPY_PHASE_STRIP = NO;
				DEBUG_INFORMATION_FORMAT = "dwarf-with-dsym";
				ENABLE_NS_ASSERTIONS = NO;
				ENABLE_STRICT_OBJC_MSGSEND = YES;
				GCC_C_LANGUAGE_STANDARD = gnu11;
				GCC_NO_COMMON_BLOCKS = YES;
				GCC_WARN_64_TO_32_BIT_CONVERSION = YES;
				GCC_WARN_ABOUT_RETURN_TYPE = YES_ERROR;
				GCC_WARN_UNDECLARED_SELECTOR = YES;
				GCC_WARN_UNINITIALIZED_AUTOS = YES_AGGRESSIVE;
				GCC_WARN_UNUSED_FUNCTION = YES;
				GCC_WARN_UNUSED_VARIABLE = YES;
				MACOSX_DEPLOYMENT_TARGET = 10.13;
				MTL_ENABLE_DEBUG_INFO = NO;
				SDKROOT = macosx;
			};
			name = Release;
		};
		6AB42D091FC2F46900DA63F3 /* Debug */ = {
			isa = XCBuildConfiguration;
			buildSettings = {
				CODE_SIGN_STYLE = Automatic;
				PRODUCT_NAME = "$(TARGET_NAME)";
			};
			name = Debug;
		};
		6AB42D0A1FC2F46900DA63F3 /* Release */ = {
			isa = XCBuildConfiguration;
			buildSettings = {
				CODE_SIGN_STYLE = Automatic;
				PRODUCT_NAME = "$(TARGET_NAME)";
			};
			name = Release;
		};
/* End XCBuildConfiguration section */

/* Begin XCConfigurationList section */
		6A6F050D1FCC540C00C68DEF /* Build configuration list for PBXNativeTarget "proba" */ = {
			isa = XCConfigurationList;
			buildConfigurations = (
				6A6F050E1FCC540C00C68DEF /* Debug */,
				6A6F050F1FCC540C00C68DEF /* Release */,
			);
			defaultConfigurationIsVisible = 0;
			defaultConfigurationName = Release;
		};
		6AB42CFC1FC2F46900DA63F3 /* Build configuration list for PBXProject "DB_TABLE" */ = {
			isa = XCConfigurationList;
			buildConfigurations = (
				6AB42D061FC2F46900DA63F3 /* Debug */,
				6AB42D071FC2F46900DA63F3 /* Release */,
			);
			defaultConfigurationIsVisible = 0;
			defaultConfigurationName = Release;
		};
		6AB42D081FC2F46900DA63F3 /* Build configuration list for PBXNativeTarget "DB_TABLE" */ = {
			isa = XCConfigurationList;
			buildConfigurations = (
				6AB42D091FC2F46900DA63F3 /* Debug */,
				6AB42D0A1FC2F46900DA63F3 /* Release */,
			);
			defaultConfigurationIsVisible = 0;
			defaultConfigurationName = Release;
		};
/* End XCConfigurationList section */
	};
	rootObject = 6AB42CF91FC2F46900DA63F3 /* Project object */;
}
